
Microsoft Visual Studio Solution File, Format Version 12.00
# Visual Studio 2012
Project("{FAE04EC0-301F-11D3-BF4B-00C04F79EFBC}") = "PlaylistApi.Tests", "PlaylistApi.Tests\PlaylistApi.Tests.csproj", "{CE94EB70-7B17-4F7C-AD47-27130F3BD7E9}"
EndProject
Global
	GlobalSection(SolutionConfigurationPlatforms) = preSolution
		Debug|Any CPU = Debug|Any CPU
		Release|Any CPU = Release|Any CPU
	EndGlobalSection
	GlobalSection(ProjectConfigurationPlatforms) = postSolution
		{CE94EB70-7B17-4F7C-AD47-27130F3BD7E9}.Debug|Any CPU.ActiveCfg = Debug|Any CPU
		{CE94EB70-7B17-4F7C-AD47-27130F3BD7E9}.Debug|Any CPU.Build.0 = Debug|Any CPU
		{CE94EB70-7B17-4F7C-AD47-27130F3BD7E9}.Release|Any CPU.ActiveCfg = Release|Any CPU
		{CE94EB70-7B17-4F7C-AD47-27130F3BD7E9}.Release|Any CPU.Build.0 = Release|Any CPU
	EndGlobalSection
	GlobalSection(SolutionProperties) = preSolution
		HideSolutionNode = FALSE
	EndGlobalSection
EndGlobal
